
Microsoft Visual Studio Solution File, Format Version 12.00
# Visual Studio 2012
Project("{FAE04EC0-301F-11D3-BF4B-00C04F79EFBC}") = "PdfDavITFutures", "PdfDavITFutures\PdfDavITFutures.csproj", "{B9AA728C-9F5A-4C59-B354-9287724FC357}"
EndProject
Project("{2150E333-8FDC-42A3-9474-1A3956D46DE8}") = "tests", "tests", "{0AB3BF05-4346-4AA6-1389-037BE0695223}"
EndProject
Project("{FAE04EC0-301F-11D3-BF4B-00C04F79EFBC}") = "PdfDavITFutures.Tests", "tests\PdfDavITFutures.Tests\PdfDavITFutures.Tests.csproj", "{5DAA8794-1D1D-4C87-88FA-2632A3638BD6}"
EndProject
Global
	GlobalSection(SolutionConfigurationPlatforms) = preSolution
		Debug|Any CPU = Debug|Any CPU
		Debug|x64 = Debug|x64
		Debug|x86 = Debug|x86
		Release|Any CPU = Release|Any CPU
		Release|x64 = Release|x64
		Release|x86 = Release|x86
	EndGlobalSection
	GlobalSection(ProjectConfigurationPlatforms) = postSolution
		{B9AA728C-9F5A-4C59-B354-9287724FC357}.Debug|Any CPU.ActiveCfg = Debug|Any CPU
		{B9AA728C-9F5A-4C59-B354-9287724FC357}.Debug|Any CPU.Build.0 = Debug|Any CPU
		{B9AA728C-9F5A-4C59-B354-9287724FC357}.Debug|x64.ActiveCfg = Debug|Any CPU
		{B9AA728C-9F5A-4C59-B354-9287724FC357}.Debug|x64.Build.0 = Debug|Any CPU
		{B9AA728C-9F5A-4C59-B354-9287724FC357}.Debug|x86.ActiveCfg = Debug|Any CPU
		{B9AA728C-9F5A-4C59-B354-9287724FC357}.Debug|x86.Build.0 = Debug|Any CPU
		{B9AA728C-9F5A-4C59-B354-9287724FC357}.Release|Any CPU.ActiveCfg = Release|Any CPU
		{B9AA728C-9F5A-4C59-B354-9287724FC357}.Release|Any CPU.Build.0 = Release|Any CPU
		{B9AA728C-9F5A-4C59-B354-9287724FC357}.Release|x64.ActiveCfg = Release|Any CPU
		{B9AA728C-9F5A-4C59-B354-9287724FC357}.Release|x64.Build.0 = Release|Any CPU
		{B9AA728C-9F5A-4C59-B354-9287724FC357}.Release|x86.ActiveCfg = Release|Any CPU
		{B9AA728C-9F5A-4C59-B354-9287724FC357}.Release|x86.Build.0 = Release|Any CPU
		{5DAA8794-1D1D-4C87-88FA-2632A3638BD6}.Debug|Any CPU.ActiveCfg = Debug|Any CPU
		{5DAA8794-1D1D-4C87-88FA-2632A3638BD6}.Debug|Any CPU.Build.0 = Debug|Any CPU
		{5DAA8794-1D1D-4C87-88FA-2632A3638BD6}.Debug|x64.ActiveCfg = Debug|Any CPU
		{5DAA8794-1D1D-4C87-88FA-2632A3638BD6}.Debug|x64.Build.0 = Debug|Any CPU
		{5DAA8794-1D1D-4C87-88FA-2632A3638BD6}.Debug|x86.ActiveCfg = Debug|Any CPU
		{5DAA8794-1D1D-4C87-88FA-2632A3638BD6}.Debug|x86.Build.0 = Debug|Any CPU
		{5DAA8794-1D1D-4C87-88FA-2632A3638BD6}.Release|Any CPU.ActiveCfg = Release|Any CPU
		{5DAA8794-1D1D-4C87-88FA-2632A3638BD6}.Release|Any CPU.Build.0 = Release|Any CPU
		{5DAA8794-1D1D-4C87-88FA-2632A3638BD6}.Release|x64.ActiveCfg = Release|Any CPU
		{5DAA8794-1D1D-4C87-88FA-2632A3638BD6}.Release|x64.Build.0 = Release|Any CPU
		{5DAA8794-1D1D-4C87-88FA-2632A3638BD6}.Release|x86.ActiveCfg = Release|Any CPU
		{5DAA8794-1D1D-4C87-88FA-2632A3638BD6}.Release|x86.Build.0 = Release|Any CPU
	EndGlobalSection
	GlobalSection(SolutionProperties) = preSolution
		HideSolutionNode = FALSE
	EndGlobalSection
	GlobalSection(NestedProjects) = preSolution
		{5DAA8794-1D1D-4C87-88FA-2632A3638BD6} = {0AB3BF05-4346-4AA6-1389-037BE0695223}
	EndGlobalSection
EndGlobal
